
Microsoft Visual Studio Solution File, Format Version 12.00
# Visual Studio Version 17
VisualStudioVersion = 17.0.31808.319
MinimumVisualStudioVersion = 10.0.40219.1
Project("{FAE04EC0-301F-11D3-BF4B-00C04F79EFBC}") = "JokesWebApp", "JokesWebApp\JokesWebApp.csproj", "{6745609D-DBD3-431D-9227-5D52D59D834D}"
EndProject
Global
	GlobalSection(SolutionConfigurationPlatforms) = preSolution
		Debug|Any CPU = Debug|Any CPU
		Release|Any CPU = Release|Any CPU
	EndGlobalSection
	GlobalSection(ProjectConfigurationPlatforms) = postSolution
		{6745609D-DBD3-431D-9227-5D52D59D834D}.Debug|Any CPU.ActiveCfg = Debug|Any CPU
		{6745609D-DBD3-431D-9227-5D52D59D834D}.Debug|Any CPU.Build.0 = Debug|Any CPU
		{6745609D-DBD3-431D-9227-5D52D59D834D}.Release|Any CPU.ActiveCfg = Release|Any CPU
		{6745609D-DBD3-431D-9227-5D52D59D834D}.Release|Any CPU.Build.0 = Release|Any CPU
	EndGlobalSection
	GlobalSection(SolutionProperties) = preSolution
		HideSolutionNode = FALSE
	EndGlobalSection
	GlobalSection(ExtensibilityGlobals) = postSolution
		SolutionGuid = {E73489FE-34FF-4539-97E0-08F6E5AE68CD}
	EndGlobalSection
EndGlobal
